// !$*UTF8*$!
{
	archiveVersion = 1;
	classes = {
	};
	objectVersion = 50;
	objects = {

/* Begin PBXBuildFile section */

		0F96BD4627AE5B0C00977693 /* Profile.storyboard in Resources */ = {isa = PBXBuildFile; fileRef = 0F96BD4527AE5B0C00977693 /* Profile.storyboard */; };

		52992E7627AB464F006BF34C /* AppDelegate.swift in Sources */ = {isa = PBXBuildFile; fileRef = 52992E7527AB464F006BF34C /* AppDelegate.swift */; };
		52992E7827AB464F006BF34C /* SceneDelegate.swift in Sources */ = {isa = PBXBuildFile; fileRef = 52992E7727AB464F006BF34C /* SceneDelegate.swift */; };
		52992E7A27AB464F006BF34C /* ViewController.swift in Sources */ = {isa = PBXBuildFile; fileRef = 52992E7927AB464F006BF34C /* ViewController.swift */; };
		52992E7D27AB464F006BF34C /* Main.storyboard in Resources */ = {isa = PBXBuildFile; fileRef = 52992E7B27AB464F006BF34C /* Main.storyboard */; };
		52992E7F27AB4651006BF34C /* Assets.xcassets in Resources */ = {isa = PBXBuildFile; fileRef = 52992E7E27AB4651006BF34C /* Assets.xcassets */; };
		52992E8227AB4651006BF34C /* LaunchScreen.storyboard in Resources */ = {isa = PBXBuildFile; fileRef = 52992E8027AB4651006BF34C /* LaunchScreen.storyboard */; };
		52992E8D27AB4651006BF34C /* Netology_IB_InstrumentsTests.swift in Sources */ = {isa = PBXBuildFile; fileRef = 52992E8C27AB4651006BF34C /* Netology_IB_InstrumentsTests.swift */; };
		52992E9827AB4651006BF34C /* Netology_IB_InstrumentsUITests.swift in Sources */ = {isa = PBXBuildFile; fileRef = 52992E9727AB4651006BF34C /* Netology_IB_InstrumentsUITests.swift */; };
		52992EA927AB6F49006BF34C /* ProfileView.xib in Resources */ = {isa = PBXBuildFile; fileRef = 52992EA827AB6F49006BF34C /* ProfileView.xib */; };
		52992EAE27AB7AEA006BF34C /* ProfileView.swift in Sources */ = {isa = PBXBuildFile; fileRef = 52992EAD27AB7AEA006BF34C /* ProfileView.swift */; };
		52EA644927AE21A800A90486 /* ProfileViewController.swift in Sources */ = {isa = PBXBuildFile; fileRef = 52EA644827AE21A800A90486 /* ProfileViewController.swift */; };
/* End PBXBuildFile section */

/* Begin PBXContainerItemProxy section */
		52992E8927AB4651006BF34C /* PBXContainerItemProxy */ = {
			isa = PBXContainerItemProxy;
			containerPortal = 52992E6A27AB464F006BF34C /* Project object */;
			proxyType = 1;
			remoteGlobalIDString = 52992E7127AB464F006BF34C;
			remoteInfo = Netology_IB_Instruments;
		};
		52992E9427AB4651006BF34C /* PBXContainerItemProxy */ = {
			isa = PBXContainerItemProxy;
			containerPortal = 52992E6A27AB464F006BF34C /* Project object */;
			proxyType = 1;
			remoteGlobalIDString = 52992E7127AB464F006BF34C;
			remoteInfo = Netology_IB_Instruments;
		};
/* End PBXContainerItemProxy section */

/* Begin PBXFileReference section */

		0F96BD4527AE5B0C00977693 /* Profile.storyboard */ = {isa = PBXFileReference; lastKnownFileType = file.storyboard; path = Profile.storyboard; sourceTree = "<group>"; };
		52992E7227AB464F006BF34C /* Netology_IB_Instruments.app */ = {isa = PBXFileReference; explicitFileType = wrapper.application; includeInIndex = 0; path = Netology_IB_Instruments.app; sourceTree = BUILT_PRODUCTS_DIR; };
		52992E7527AB464F006BF34C /* AppDelegate.swift */ = {isa = PBXFileReference; lastKnownFileType = sourcecode.swift; path = AppDelegate.swift; sourceTree = "<group>"; };
		52992E7727AB464F006BF34C /* SceneDelegate.swift */ = {isa = PBXFileReference; lastKnownFileType = sourcecode.swift; path = SceneDelegate.swift; sourceTree = "<group>"; };
		52992E7927AB464F006BF34C /* ViewController.swift */ = {isa = PBXFileReference; lastKnownFileType = sourcecode.swift; path = ViewController.swift; sourceTree = "<group>"; };
		52992E7C27AB464F006BF34C /* Base */ = {isa = PBXFileReference; lastKnownFileType = file.storyboard; name = Base; path = Base.lproj/Main.storyboard; sourceTree = "<group>"; };
		52992E7E27AB4651006BF34C /* Assets.xcassets */ = {isa = PBXFileReference; lastKnownFileType = folder.assetcatalog; path = Assets.xcassets; sourceTree = "<group>"; };
		52992E8127AB4651006BF34C /* Base */ = {isa = PBXFileReference; lastKnownFileType = file.storyboard; name = Base; path = Base.lproj/LaunchScreen.storyboard; sourceTree = "<group>"; };
		52992E8327AB4651006BF34C /* Info.plist */ = {isa = PBXFileReference; lastKnownFileType = text.plist.xml; path = Info.plist; sourceTree = "<group>"; };
		52992E8827AB4651006BF34C /* Netology_IB_InstrumentsTests.xctest */ = {isa = PBXFileReference; explicitFileType = wrapper.cfbundle; includeInIndex = 0; path = Netology_IB_InstrumentsTests.xctest; sourceTree = BUILT_PRODUCTS_DIR; };
		52992E8C27AB4651006BF34C /* Netology_IB_InstrumentsTests.swift */ = {isa = PBXFileReference; lastKnownFileType = sourcecode.swift; path = Netology_IB_InstrumentsTests.swift; sourceTree = "<group>"; };
		52992E8E27AB4651006BF34C /* Info.plist */ = {isa = PBXFileReference; lastKnownFileType = text.plist.xml; path = Info.plist; sourceTree = "<group>"; };
		52992E9327AB4651006BF34C /* Netology_IB_InstrumentsUITests.xctest */ = {isa = PBXFileReference; explicitFileType = wrapper.cfbundle; includeInIndex = 0; path = Netology_IB_InstrumentsUITests.xctest; sourceTree = BUILT_PRODUCTS_DIR; };
		52992E9727AB4651006BF34C /* Netology_IB_InstrumentsUITests.swift */ = {isa = PBXFileReference; lastKnownFileType = sourcecode.swift; path = Netology_IB_InstrumentsUITests.swift; sourceTree = "<group>"; };
		52992E9927AB4651006BF34C /* Info.plist */ = {isa = PBXFileReference; lastKnownFileType = text.plist.xml; path = Info.plist; sourceTree = "<group>"; };
		52992EA827AB6F49006BF34C /* ProfileView.xib */ = {isa = PBXFileReference; lastKnownFileType = file.xib; path = ProfileView.xib; sourceTree = "<group>"; };
		52992EAD27AB7AEA006BF34C /* ProfileView.swift */ = {isa = PBXFileReference; lastKnownFileType = sourcecode.swift; path = ProfileView.swift; sourceTree = "<group>"; };
		52EA644827AE21A800A90486 /* ProfileViewController.swift */ = {isa = PBXFileReference; lastKnownFileType = sourcecode.swift; path = ProfileViewController.swift; sourceTree = "<group>"; };
/* End PBXFileReference section */

/* Begin PBXFrameworksBuildPhase section */
		52992E6F27AB464F006BF34C /* Frameworks */ = {
			isa = PBXFrameworksBuildPhase;
			buildActionMask = 2147483647;
			files = (
			);
			runOnlyForDeploymentPostprocessing = 0;
		};
		52992E8527AB4651006BF34C /* Frameworks */ = {
			isa = PBXFrameworksBuildPhase;
			buildActionMask = 2147483647;
			files = (
			);
			runOnlyForDeploymentPostprocessing = 0;
		};
		52992E9027AB4651006BF34C /* Frameworks */ = {
			isa = PBXFrameworksBuildPhase;
			buildActionMask = 2147483647;
			files = (
			);
			runOnlyForDeploymentPostprocessing = 0;
		};
/* End PBXFrameworksBuildPhase section */

/* Begin PBXGroup section */
		52992E6927AB464F006BF34C = {
			isa = PBXGroup;
			children = (
				52992E7427AB464F006BF34C /* Netology_IB_Instruments */,
				52992E8B27AB4651006BF34C /* Netology_IB_InstrumentsTests */,
				52992E9627AB4651006BF34C /* Netology_IB_InstrumentsUITests */,
				52992E7327AB464F006BF34C /* Products */,
			);
			sourceTree = "<group>";
		};
		52992E7327AB464F006BF34C /* Products */ = {
			isa = PBXGroup;
			children = (
				52992E7227AB464F006BF34C /* Netology_IB_Instruments.app */,
				52992E8827AB4651006BF34C /* Netology_IB_InstrumentsTests.xctest */,
				52992E9327AB4651006BF34C /* Netology_IB_InstrumentsUITests.xctest */,
			);
			name = Products;
			sourceTree = "<group>";
		};
		52992E7427AB464F006BF34C /* Netology_IB_Instruments */ = {
			isa = PBXGroup;
			children = (
				52992E7527AB464F006BF34C /* AppDelegate.swift */,
				52992E7727AB464F006BF34C /* SceneDelegate.swift */,
				52992E7927AB464F006BF34C /* ViewController.swift */,
				0F96BD4327AE581100977693 /* Profile.storyboard */,
				52992E7B27AB464F006BF34C /* Main.storyboard */,
				0F96BD4527AE5B0C00977693 /* Profile.storyboard */,
				52992E7E27AB4651006BF34C /* Assets.xcassets */,
				52992E8027AB4651006BF34C /* LaunchScreen.storyboard */,
				52992E8327AB4651006BF34C /* Info.plist */,
				52992EA827AB6F49006BF34C /* ProfileView.xib */,
				52992EAD27AB7AEA006BF34C /* ProfileView.swift */,
				52EA644827AE21A800A90486 /* ProfileViewController.swift */,
			);
			path = Netology_IB_Instruments;
			sourceTree = "<group>";
		};
		52992E8B27AB4651006BF34C /* Netology_IB_InstrumentsTests */ = {
			isa = PBXGroup;
			children = (
				52992E8C27AB4651006BF34C /* Netology_IB_InstrumentsTests.swift */,
				52992E8E27AB4651006BF34C /* Info.plist */,
			);
			path = Netology_IB_InstrumentsTests;
			sourceTree = "<group>";
		};
		52992E9627AB4651006BF34C /* Netology_IB_InstrumentsUITests */ = {
			isa = PBXGroup;
			children = (
				52992E9727AB4651006BF34C /* Netology_IB_InstrumentsUITests.swift */,
				52992E9927AB4651006BF34C /* Info.plist */,
			);
			path = Netology_IB_InstrumentsUITests;
			sourceTree = "<group>";
		};
/* End PBXGroup section */

/* Begin PBXNativeTarget section */
		52992E7127AB464F006BF34C /* Netology_IB_Instruments */ = {
			isa = PBXNativeTarget;
			buildConfigurationList = 52992E9C27AB4651006BF34C /* Build configuration list for PBXNativeTarget "Netology_IB_Instruments" */;
			buildPhases = (
				52992E6E27AB464F006BF34C /* Sources */,
				52992E6F27AB464F006BF34C /* Frameworks */,
				52992E7027AB464F006BF34C /* Resources */,
			);
			buildRules = (
			);
			dependencies = (
			);
			name = Netology_IB_Instruments;
			productName = Netology_IB_Instruments;
			productReference = 52992E7227AB464F006BF34C /* Netology_IB_Instruments.app */;
			productType = "com.apple.product-type.application";
		};
		52992E8727AB4651006BF34C /* Netology_IB_InstrumentsTests */ = {
			isa = PBXNativeTarget;
			buildConfigurationList = 52992E9F27AB4651006BF34C /* Build configuration list for PBXNativeTarget "Netology_IB_InstrumentsTests" */;
			buildPhases = (
				52992E8427AB4651006BF34C /* Sources */,
				52992E8527AB4651006BF34C /* Frameworks */,
				52992E8627AB4651006BF34C /* Resources */,
			);
			buildRules = (
			);
			dependencies = (
				52992E8A27AB4651006BF34C /* PBXTargetDependency */,
			);
			name = Netology_IB_InstrumentsTests;
			productName = Netology_IB_InstrumentsTests;
			productReference = 52992E8827AB4651006BF34C /* Netology_IB_InstrumentsTests.xctest */;
			productType = "com.apple.product-type.bundle.unit-test";
		};
		52992E9227AB4651006BF34C /* Netology_IB_InstrumentsUITests */ = {
			isa = PBXNativeTarget;
			buildConfigurationList = 52992EA227AB4651006BF34C /* Build configuration list for PBXNativeTarget "Netology_IB_InstrumentsUITests" */;
			buildPhases = (
				52992E8F27AB4651006BF34C /* Sources */,
				52992E9027AB4651006BF34C /* Frameworks */,
				52992E9127AB4651006BF34C /* Resources */,
			);
			buildRules = (
			);
			dependencies = (
				52992E9527AB4651006BF34C /* PBXTargetDependency */,
			);
			name = Netology_IB_InstrumentsUITests;
			productName = Netology_IB_InstrumentsUITests;
			productReference = 52992E9327AB4651006BF34C /* Netology_IB_InstrumentsUITests.xctest */;
			productType = "com.apple.product-type.bundle.ui-testing";
		};
/* End PBXNativeTarget section */

/* Begin PBXProject section */
		52992E6A27AB464F006BF34C /* Project object */ = {
			isa = PBXProject;
			attributes = {
				LastSwiftUpdateCheck = 1210;
				LastUpgradeCheck = 1210;
				TargetAttributes = {
					52992E7127AB464F006BF34C = {
						CreatedOnToolsVersion = 12.1;
					};
					52992E8727AB4651006BF34C = {
						CreatedOnToolsVersion = 12.1;
						TestTargetID = 52992E7127AB464F006BF34C;
					};
					52992E9227AB4651006BF34C = {
						CreatedOnToolsVersion = 12.1;
						TestTargetID = 52992E7127AB464F006BF34C;
					};
				};
			};
			buildConfigurationList = 52992E6D27AB464F006BF34C /* Build configuration list for PBXProject "Netology_IB_Instruments" */;
			compatibilityVersion = "Xcode 9.3";
			developmentRegion = en;
			hasScannedForEncodings = 0;
			knownRegions = (
				en,
				Base,
			);
			mainGroup = 52992E6927AB464F006BF34C;
			productRefGroup = 52992E7327AB464F006BF34C /* Products */;
			projectDirPath = "";
			projectRoot = "";
			targets = (
				52992E7127AB464F006BF34C /* Netology_IB_Instruments */,
				52992E8727AB4651006BF34C /* Netology_IB_InstrumentsTests */,
				52992E9227AB4651006BF34C /* Netology_IB_InstrumentsUITests */,
			);
		};
/* End PBXProject section */

/* Begin PBXResourcesBuildPhase section */
		52992E7027AB464F006BF34C /* Resources */ = {
			isa = PBXResourcesBuildPhase;
			buildActionMask = 2147483647;
			files = (
				52992EA927AB6F49006BF34C /* ProfileView.xib in Resources */,
				52992E8227AB4651006BF34C /* LaunchScreen.storyboard in Resources */,
				0F96BD4627AE5B0C00977693 /* Profile.storyboard in Resources */,
				52992E7F27AB4651006BF34C /* Assets.xcassets in Resources */,
				0F96BD4427AE581100977693 /* Profile.storyboard in Resources */,
				52992E7D27AB464F006BF34C /* Main.storyboard in Resources */,
			);
			runOnlyForDeploymentPostprocessing = 0;
		};
		52992E8627AB4651006BF34C /* Resources */ = {
			isa = PBXResourcesBuildPhase;
			buildActionMask = 2147483647;
			files = (
			);
			runOnlyForDeploymentPostprocessing = 0;
		};
		52992E9127AB4651006BF34C /* Resources */ = {
			isa = PBXResourcesBuildPhase;
			buildActionMask = 2147483647;
			files = (
			);
			runOnlyForDeploymentPostprocessing = 0;
		};
/* End PBXResourcesBuildPhase section */

/* Begin PBXSourcesBuildPhase section */
		52992E6E27AB464F006BF34C /* Sources */ = {
			isa = PBXSourcesBuildPhase;
			buildActionMask = 2147483647;
			files = (
				52992EAE27AB7AEA006BF34C /* ProfileView.swift in Sources */,
				52992E7A27AB464F006BF34C /* ViewController.swift in Sources */,
				52EA644927AE21A800A90486 /* ProfileViewController.swift in Sources */,
				52992E7627AB464F006BF34C /* AppDelegate.swift in Sources */,
				52992E7827AB464F006BF34C /* SceneDelegate.swift in Sources */,
			);
			runOnlyForDeploymentPostprocessing = 0;
		};
		52992E8427AB4651006BF34C /* Sources */ = {
			isa = PBXSourcesBuildPhase;
			buildActionMask = 2147483647;
			files = (
				52992E8D27AB4651006BF34C /* Netology_IB_InstrumentsTests.swift in Sources */,
			);
			runOnlyForDeploymentPostprocessing = 0;
		};
		52992E8F27AB4651006BF34C /* Sources */ = {
			isa = PBXSourcesBuildPhase;
			buildActionMask = 2147483647;
			files = (
				52992E9827AB4651006BF34C /* Netology_IB_InstrumentsUITests.swift in Sources */,
			);
			runOnlyForDeploymentPostprocessing = 0;
		};
/* End PBXSourcesBuildPhase section */

/* Begin PBXTargetDependency section */
		52992E8A27AB4651006BF34C /* PBXTargetDependency */ = {
			isa = PBXTargetDependency;
			target = 52992E7127AB464F006BF34C /* Netology_IB_Instruments */;
			targetProxy = 52992E8927AB4651006BF34C /* PBXContainerItemProxy */;
		};
		52992E9527AB4651006BF34C /* PBXTargetDependency */ = {
			isa = PBXTargetDependency;
			target = 52992E7127AB464F006BF34C /* Netology_IB_Instruments */;
			targetProxy = 52992E9427AB4651006BF34C /* PBXContainerItemProxy */;
		};
/* End PBXTargetDependency section */

/* Begin PBXVariantGroup section */
		52992E7B27AB464F006BF34C /* Main.storyboard */ = {
			isa = PBXVariantGroup;
			children = (
				52992E7C27AB464F006BF34C /* Base */,
			);
			name = Main.storyboard;
			sourceTree = "<group>";
		};
		52992E8027AB4651006BF34C /* LaunchScreen.storyboard */ = {
			isa = PBXVariantGroup;
			children = (
				52992E8127AB4651006BF34C /* Base */,
			);
			name = LaunchScreen.storyboard;
			sourceTree = "<group>";
		};
/* End PBXVariantGroup section */

/* Begin XCBuildConfiguration section */
		52992E9A27AB4651006BF34C /* Debug */ = {
			isa = XCBuildConfiguration;
			buildSettings = {
				ALWAYS_SEARCH_USER_PATHS = NO;
				CLANG_ANALYZER_NONNULL = YES;
				CLANG_ANALYZER_NUMBER_OBJECT_CONVERSION = YES_AGGRESSIVE;
				CLANG_CXX_LANGUAGE_STANDARD = "gnu++14";
				CLANG_CXX_LIBRARY = "libc++";
				CLANG_ENABLE_MODULES = YES;
				CLANG_ENABLE_OBJC_ARC = YES;
				CLANG_ENABLE_OBJC_WEAK = YES;
				CLANG_WARN_BLOCK_CAPTURE_AUTORELEASING = YES;
				CLANG_WARN_BOOL_CONVERSION = YES;
				CLANG_WARN_COMMA = YES;
				CLANG_WARN_CONSTANT_CONVERSION = YES;
				CLANG_WARN_DEPRECATED_OBJC_IMPLEMENTATIONS = YES;
				CLANG_WARN_DIRECT_OBJC_ISA_USAGE = YES_ERROR;
				CLANG_WARN_DOCUMENTATION_COMMENTS = YES;
				CLANG_WARN_EMPTY_BODY = YES;
				CLANG_WARN_ENUM_CONVERSION = YES;
				CLANG_WARN_INFINITE_RECURSION = YES;
				CLANG_WARN_INT_CONVERSION = YES;
				CLANG_WARN_NON_LITERAL_NULL_CONVERSION = YES;
				CLANG_WARN_OBJC_IMPLICIT_RETAIN_SELF = YES;
				CLANG_WARN_OBJC_LITERAL_CONVERSION = YES;
				CLANG_WARN_OBJC_ROOT_CLASS = YES_ERROR;
				CLANG_WARN_QUOTED_INCLUDE_IN_FRAMEWORK_HEADER = YES;
				CLANG_WARN_RANGE_LOOP_ANALYSIS = YES;
				CLANG_WARN_STRICT_PROTOTYPES = YES;
				CLANG_WARN_SUSPICIOUS_MOVE = YES;
				CLANG_WARN_UNGUARDED_AVAILABILITY = YES_AGGRESSIVE;
				CLANG_WARN_UNREACHABLE_CODE = YES;
				CLANG_WARN__DUPLICATE_METHOD_MATCH = YES;
				COPY_PHASE_STRIP = NO;
				DEBUG_INFORMATION_FORMAT = dwarf;
				ENABLE_STRICT_OBJC_MSGSEND = YES;
				ENABLE_TESTABILITY = YES;
				GCC_C_LANGUAGE_STANDARD = gnu11;
				GCC_DYNAMIC_NO_PIC = NO;
				GCC_NO_COMMON_BLOCKS = YES;
				GCC_OPTIMIZATION_LEVEL = 0;
				GCC_PREPROCESSOR_DEFINITIONS = (
					"DEBUG=1",
					"$(inherited)",
				);
				GCC_WARN_64_TO_32_BIT_CONVERSION = YES;
				GCC_WARN_ABOUT_RETURN_TYPE = YES_ERROR;
				GCC_WARN_UNDECLARED_SELECTOR = YES;
				GCC_WARN_UNINITIALIZED_AUTOS = YES_AGGRESSIVE;
				GCC_WARN_UNUSED_FUNCTION = YES;
				GCC_WARN_UNUSED_VARIABLE = YES;
				IPHONEOS_DEPLOYMENT_TARGET = 14.1;
				MTL_ENABLE_DEBUG_INFO = INCLUDE_SOURCE;
				MTL_FAST_MATH = YES;
				ONLY_ACTIVE_ARCH = YES;
				SDKROOT = iphoneos;
				SWIFT_ACTIVE_COMPILATION_CONDITIONS = DEBUG;
				SWIFT_OPTIMIZATION_LEVEL = "-Onone";
			};
			name = Debug;
		};
		52992E9B27AB4651006BF34C /* Release */ = {
			isa = XCBuildConfiguration;
			buildSettings = {
				ALWAYS_SEARCH_USER_PATHS = NO;
				CLANG_ANALYZER_NONNULL = YES;
				CLANG_ANALYZER_NUMBER_OBJECT_CONVERSION = YES_AGGRESSIVE;
				CLANG_CXX_LANGUAGE_STANDARD = "gnu++14";
				CLANG_CXX_LIBRARY = "libc++";
				CLANG_ENABLE_MODULES = YES;
				CLANG_ENABLE_OBJC_ARC = YES;
				CLANG_ENABLE_OBJC_WEAK = YES;
				CLANG_WARN_BLOCK_CAPTURE_AUTORELEASING = YES;
				CLANG_WARN_BOOL_CONVERSION = YES;
				CLANG_WARN_COMMA = YES;
				CLANG_WARN_CONSTANT_CONVERSION = YES;
				CLANG_WARN_DEPRECATED_OBJC_IMPLEMENTATIONS = YES;
				CLANG_WARN_DIRECT_OBJC_ISA_USAGE = YES_ERROR;
				CLANG_WARN_DOCUMENTATION_COMMENTS = YES;
				CLANG_WARN_EMPTY_BODY = YES;
				CLANG_WARN_ENUM_CONVERSION = YES;
				CLANG_WARN_INFINITE_RECURSION = YES;
				CLANG_WARN_INT_CONVERSION = YES;
				CLANG_WARN_NON_LITERAL_NULL_CONVERSION = YES;
				CLANG_WARN_OBJC_IMPLICIT_RETAIN_SELF = YES;
				CLANG_WARN_OBJC_LITERAL_CONVERSION = YES;
				CLANG_WARN_OBJC_ROOT_CLASS = YES_ERROR;
				CLANG_WARN_QUOTED_INCLUDE_IN_FRAMEWORK_HEADER = YES;
				CLANG_WARN_RANGE_LOOP_ANALYSIS = YES;
				CLANG_WARN_STRICT_PROTOTYPES = YES;
				CLANG_WARN_SUSPICIOUS_MOVE = YES;
				CLANG_WARN_UNGUARDED_AVAILABILITY = YES_AGGRESSIVE;
				CLANG_WARN_UNREACHABLE_CODE = YES;
				CLANG_WARN__DUPLICATE_METHOD_MATCH = YES;
				COPY_PHASE_STRIP = NO;
				DEBUG_INFORMATION_FORMAT = "dwarf-with-dsym";
				ENABLE_NS_ASSERTIONS = NO;
				ENABLE_STRICT_OBJC_MSGSEND = YES;
				GCC_C_LANGUAGE_STANDARD = gnu11;
				GCC_NO_COMMON_BLOCKS = YES;
				GCC_WARN_64_TO_32_BIT_CONVERSION = YES;
				GCC_WARN_ABOUT_RETURN_TYPE = YES_ERROR;
				GCC_WARN_UNDECLARED_SELECTOR = YES;
				GCC_WARN_UNINITIALIZED_AUTOS = YES_AGGRESSIVE;
				GCC_WARN_UNUSED_FUNCTION = YES;
				GCC_WARN_UNUSED_VARIABLE = YES;
				IPHONEOS_DEPLOYMENT_TARGET = 14.1;
				MTL_ENABLE_DEBUG_INFO = NO;
				MTL_FAST_MATH = YES;
				SDKROOT = iphoneos;
				SWIFT_COMPILATION_MODE = wholemodule;
				SWIFT_OPTIMIZATION_LEVEL = "-O";
				VALIDATE_PRODUCT = YES;
			};
			name = Release;
		};
		52992E9D27AB4651006BF34C /* Debug */ = {
			isa = XCBuildConfiguration;
			buildSettings = {
				ASSETCATALOG_COMPILER_APPICON_NAME = AppIcon;
				ASSETCATALOG_COMPILER_GLOBAL_ACCENT_COLOR_NAME = AccentColor;
				CODE_SIGN_STYLE = Automatic;
				INFOPLIST_FILE = Netology_IB_Instruments/Info.plist;
				LD_RUNPATH_SEARCH_PATHS = (
					"$(inherited)",
					"@executable_path/Frameworks",
				);
				PRODUCT_BUNDLE_IDENTIFIER = "com.max.Netology-IB-Instruments";
				PRODUCT_NAME = "$(TARGET_NAME)";
				SWIFT_VERSION = 5.0;
				TARGETED_DEVICE_FAMILY = "1,2";
			};
			name = Debug;
		};
		52992E9E27AB4651006BF34C /* Release */ = {
			isa = XCBuildConfiguration;
			buildSettings = {
				ASSETCATALOG_COMPILER_APPICON_NAME = AppIcon;
				ASSETCATALOG_COMPILER_GLOBAL_ACCENT_COLOR_NAME = AccentColor;
				CODE_SIGN_STYLE = Automatic;
				INFOPLIST_FILE = Netology_IB_Instruments/Info.plist;
				LD_RUNPATH_SEARCH_PATHS = (
					"$(inherited)",
					"@executable_path/Frameworks",
				);
				PRODUCT_BUNDLE_IDENTIFIER = "com.max.Netology-IB-Instruments";
				PRODUCT_NAME = "$(TARGET_NAME)";
				SWIFT_VERSION = 5.0;
				TARGETED_DEVICE_FAMILY = "1,2";
			};
			name = Release;
		};
		52992EA027AB4651006BF34C /* Debug */ = {
			isa = XCBuildConfiguration;
			buildSettings = {
				ALWAYS_EMBED_SWIFT_STANDARD_LIBRARIES = YES;
				BUNDLE_LOADER = "$(TEST_HOST)";
				CODE_SIGN_STYLE = Automatic;
				INFOPLIST_FILE = Netology_IB_InstrumentsTests/Info.plist;
				IPHONEOS_DEPLOYMENT_TARGET = 14.1;
				LD_RUNPATH_SEARCH_PATHS = (
					"$(inherited)",
					"@executable_path/Frameworks",
					"@loader_path/Frameworks",
				);
				PRODUCT_BUNDLE_IDENTIFIER = "com.max.Netology-IB-InstrumentsTests";
				PRODUCT_NAME = "$(TARGET_NAME)";
				SWIFT_VERSION = 5.0;
				TARGETED_DEVICE_FAMILY = "1,2";
				TEST_HOST = "$(BUILT_PRODUCTS_DIR)/Netology_IB_Instruments.app/Netology_IB_Instruments";
			};
			name = Debug;
		};
		52992EA127AB4651006BF34C /* Release */ = {
			isa = XCBuildConfiguration;
			buildSettings = {
				ALWAYS_EMBED_SWIFT_STANDARD_LIBRARIES = YES;
				BUNDLE_LOADER = "$(TEST_HOST)";
				CODE_SIGN_STYLE = Automatic;
				INFOPLIST_FILE = Netology_IB_InstrumentsTests/Info.plist;
				IPHONEOS_DEPLOYMENT_TARGET = 14.1;
				LD_RUNPATH_SEARCH_PATHS = (
					"$(inherited)",
					"@executable_path/Frameworks",
					"@loader_path/Frameworks",
				);
				PRODUCT_BUNDLE_IDENTIFIER = "com.max.Netology-IB-InstrumentsTests";
				PRODUCT_NAME = "$(TARGET_NAME)";
				SWIFT_VERSION = 5.0;
				TARGETED_DEVICE_FAMILY = "1,2";
				TEST_HOST = "$(BUILT_PRODUCTS_DIR)/Netology_IB_Instruments.app/Netology_IB_Instruments";
			};
			name = Release;
		};
		52992EA327AB4651006BF34C /* Debug */ = {
			isa = XCBuildConfiguration;
			buildSettings = {
				ALWAYS_EMBED_SWIFT_STANDARD_LIBRARIES = YES;
				CODE_SIGN_STYLE = Automatic;
				INFOPLIST_FILE = Netology_IB_InstrumentsUITests/Info.plist;
				LD_RUNPATH_SEARCH_PATHS = (
					"$(inherited)",
					"@executable_path/Frameworks",
					"@loader_path/Frameworks",
				);
				PRODUCT_BUNDLE_IDENTIFIER = "com.max.Netology-IB-InstrumentsUITests";
				PRODUCT_NAME = "$(TARGET_NAME)";
				SWIFT_VERSION = 5.0;
				TARGETED_DEVICE_FAMILY = "1,2";
				TEST_TARGET_NAME = Netology_IB_Instruments;
			};
			name = Debug;
		};
		52992EA427AB4651006BF34C /* Release */ = {
			isa = XCBuildConfiguration;
			buildSettings = {
				ALWAYS_EMBED_SWIFT_STANDARD_LIBRARIES = YES;
				CODE_SIGN_STYLE = Automatic;
				INFOPLIST_FILE = Netology_IB_InstrumentsUITests/Info.plist;
				LD_RUNPATH_SEARCH_PATHS = (
					"$(inherited)",
					"@executable_path/Frameworks",
					"@loader_path/Frameworks",
				);
				PRODUCT_BUNDLE_IDENTIFIER = "com.max.Netology-IB-InstrumentsUITests";
				PRODUCT_NAME = "$(TARGET_NAME)";
				SWIFT_VERSION = 5.0;
				TARGETED_DEVICE_FAMILY = "1,2";
				TEST_TARGET_NAME = Netology_IB_Instruments;
			};
			name = Release;
		};
/* End XCBuildConfiguration section */

/* Begin XCConfigurationList section */
		52992E6D27AB464F006BF34C /* Build configuration list for PBXProject "Netology_IB_Instruments" */ = {
			isa = XCConfigurationList;
			buildConfigurations = (
				52992E9A27AB4651006BF34C /* Debug */,
				52992E9B27AB4651006BF34C /* Release */,
			);
			defaultConfigurationIsVisible = 0;
			defaultConfigurationName = Release;
		};
		52992E9C27AB4651006BF34C /* Build configuration list for PBXNativeTarget "Netology_IB_Instruments" */ = {
			isa = XCConfigurationList;
			buildConfigurations = (
				52992E9D27AB4651006BF34C /* Debug */,
				52992E9E27AB4651006BF34C /* Release */,
			);
			defaultConfigurationIsVisible = 0;
			defaultConfigurationName = Release;
		};
		52992E9F27AB4651006BF34C /* Build configuration list for PBXNativeTarget "Netology_IB_InstrumentsTests" */ = {
			isa = XCConfigurationList;
			buildConfigurations = (
				52992EA027AB4651006BF34C /* Debug */,
				52992EA127AB4651006BF34C /* Release */,
			);
			defaultConfigurationIsVisible = 0;
			defaultConfigurationName = Release;
		};
		52992EA227AB4651006BF34C /* Build configuration list for PBXNativeTarget "Netology_IB_InstrumentsUITests" */ = {
			isa = XCConfigurationList;
			buildConfigurations = (
				52992EA327AB4651006BF34C /* Debug */,
				52992EA427AB4651006BF34C /* Release */,
			);
			defaultConfigurationIsVisible = 0;
			defaultConfigurationName = Release;
		};
/* End XCConfigurationList section */
	};
	rootObject = 52992E6A27AB464F006BF34C /* Project object */;
}
